
Microsoft Visual Studio Solution File, Format Version 12.00
# Visual Studio 2013
VisualStudioVersion = 12.0.40629.0
MinimumVisualStudioVersion = 10.0.40219.1
Project("{2150E333-8FDC-42A3-9474-1A3956D46DE8}") = "Framework", "Framework", "{0EC3C78A-0B09-49BD-A029-6F85F5F1DAF8}"
EndProject
Project("{2150E333-8FDC-42A3-9474-1A3956D46DE8}") = "Services", "Services", "{FB8C44E1-7274-4921-B818-1C442E3D78FC}"
EndProject
Project("{FAE04EC0-301F-11D3-BF4B-00C04F79EFBC}") = "Core", "Core\Core.csproj", "{F759D665-98FC-439B-BA19-31BF82EB3B8E}"
EndProject
Project("{2150E333-8FDC-42A3-9474-1A3956D46DE8}") = "Client", "Client", "{5C681121-61B5-4138-8AB0-FBD1F2EE6E3C}"
EndProject
Project("{FAE04EC0-301F-11D3-BF4B-00C04F79EFBC}") = "TestConsoleClient", "TestConsoleClient\TestConsoleClient.csproj", "{3F8560C1-557F-430E-B0A0-C939BE4941B8}"
EndProject
Project("{FAE04EC0-301F-11D3-BF4B-00C04F79EFBC}") = "TestFormClient", "TestFormClient\TestFormClient.csproj", "{1F3259C4-A524-456E-93B7-83945647F8A7}"
EndProject
Project("{FAE04EC0-301F-11D3-BF4B-00C04F79EFBC}") = "PokerGameService", "PokerGameService\PokerGameService.csproj", "{48DDBFB8-3B10-4948-B183-A0D9538C3D14}"
EndProject
Project("{FAE04EC0-301F-11D3-BF4B-00C04F79EFBC}") = "Net", "Net\Net.csproj", "{44B18F23-6156-419F-A0AE-6F08A4FAEE49}"
EndProject
Project("{FAE04EC0-301F-11D3-BF4B-00C04F79EFBC}") = "Contract", "Contract\Contract.csproj", "{BF5FEC53-FF04-4F99-9FAD-31F1C1D4882A}"
EndProject
Project("{FAE04EC0-301F-11D3-BF4B-00C04F79EFBC}") = "TestAndroidClient", "TestAndroidClient\TestAndroidClient.csproj", "{AEA83D7A-E88D-4FCD-8568-A7A4A2C6516A}"
EndProject
Project("{2150E333-8FDC-42A3-9474-1A3956D46DE8}") = "ClientLib", "ClientLib", "{6B09CCD6-9D54-4B23-926F-BE4325BE9A3D}"
EndProject
Project("{FAE04EC0-301F-11D3-BF4B-00C04F79EFBC}") = "GameClientCore", "GameClientCore\GameClientCore.csproj", "{7364851E-6ED3-4B41-A4ED-B00DAEE10DEC}"
EndProject
Project("{FAE04EC0-301F-11D3-BF4B-00C04F79EFBC}") = "SocketTestConsole", "SocketTestConsole\SocketTestConsole.csproj", "{964AC30B-D9E2-4E4D-B958-B9C3459E2A40}"
EndProject
Project("{FAE04EC0-301F-11D3-BF4B-00C04F79EFBC}") = "Service", "Service\Service.csproj", "{1953A421-82AB-49DC-B20F-858227442500}"
EndProject
Project("{FAE04EC0-301F-11D3-BF4B-00C04F79EFBC}") = "ConsoleTest", "ConsoleTest\ConsoleTest.csproj", "{2C14C3D5-5FAD-48D4-8A17-DD2907508E1D}"
EndProject
Project("{FAE04EC0-301F-11D3-BF4B-00C04F79EFBC}") = "IosApp1", "IosApp1\IosApp1.csproj", "{34E93BDD-238E-499F-964F-A48534362989}"
EndProject
Global
	GlobalSection(SolutionConfigurationPlatforms) = preSolution
		Ad-Hoc|Any CPU = Ad-Hoc|Any CPU
		Ad-Hoc|iPhone = Ad-Hoc|iPhone
		Ad-Hoc|iPhoneSimulator = Ad-Hoc|iPhoneSimulator
		Ad-Hoc|Mixed Platforms = Ad-Hoc|Mixed Platforms
		AppStore|Any CPU = AppStore|Any CPU
		AppStore|iPhone = AppStore|iPhone
		AppStore|iPhoneSimulator = AppStore|iPhoneSimulator
		AppStore|Mixed Platforms = AppStore|Mixed Platforms
		Debug|Any CPU = Debug|Any CPU
		Debug|iPhone = Debug|iPhone
		Debug|iPhoneSimulator = Debug|iPhoneSimulator
		Debug|Mixed Platforms = Debug|Mixed Platforms
		Release|Any CPU = Release|Any CPU
		Release|iPhone = Release|iPhone
		Release|iPhoneSimulator = Release|iPhoneSimulator
		Release|Mixed Platforms = Release|Mixed Platforms
	EndGlobalSection
	GlobalSection(ProjectConfigurationPlatforms) = postSolution
		{F759D665-98FC-439B-BA19-31BF82EB3B8E}.Ad-Hoc|Any CPU.ActiveCfg = Release|Any CPU
		{F759D665-98FC-439B-BA19-31BF82EB3B8E}.Ad-Hoc|Any CPU.Build.0 = Release|Any CPU
		{F759D665-98FC-439B-BA19-31BF82EB3B8E}.Ad-Hoc|iPhone.ActiveCfg = Release|Any CPU
		{F759D665-98FC-439B-BA19-31BF82EB3B8E}.Ad-Hoc|iPhoneSimulator.ActiveCfg = Release|Any CPU
		{F759D665-98FC-439B-BA19-31BF82EB3B8E}.Ad-Hoc|Mixed Platforms.ActiveCfg = Release|Any CPU
		{F759D665-98FC-439B-BA19-31BF82EB3B8E}.Ad-Hoc|Mixed Platforms.Build.0 = Release|Any CPU
		{F759D665-98FC-439B-BA19-31BF82EB3B8E}.AppStore|Any CPU.ActiveCfg = Release|Any CPU
		{F759D665-98FC-439B-BA19-31BF82EB3B8E}.AppStore|Any CPU.Build.0 = Release|Any CPU
		{F759D665-98FC-439B-BA19-31BF82EB3B8E}.AppStore|iPhone.ActiveCfg = Release|Any CPU
		{F759D665-98FC-439B-BA19-31BF82EB3B8E}.AppStore|iPhoneSimulator.ActiveCfg = Release|Any CPU
		{F759D665-98FC-439B-BA19-31BF82EB3B8E}.AppStore|Mixed Platforms.ActiveCfg = Release|Any CPU
		{F759D665-98FC-439B-BA19-31BF82EB3B8E}.AppStore|Mixed Platforms.Build.0 = Release|Any CPU
		{F759D665-98FC-439B-BA19-31BF82EB3B8E}.Debug|Any CPU.ActiveCfg = Debug|Any CPU
		{F759D665-98FC-439B-BA19-31BF82EB3B8E}.Debug|Any CPU.Build.0 = Debug|Any CPU
		{F759D665-98FC-439B-BA19-31BF82EB3B8E}.Debug|iPhone.ActiveCfg = Debug|Any CPU
		{F759D665-98FC-439B-BA19-31BF82EB3B8E}.Debug|iPhoneSimulator.ActiveCfg = Debug|Any CPU
		{F759D665-98FC-439B-BA19-31BF82EB3B8E}.Debug|Mixed Platforms.ActiveCfg = Debug|Any CPU
		{F759D665-98FC-439B-BA19-31BF82EB3B8E}.Debug|Mixed Platforms.Build.0 = Debug|Any CPU
		{F759D665-98FC-439B-BA19-31BF82EB3B8E}.Release|Any CPU.ActiveCfg = Release|Any CPU
		{F759D665-98FC-439B-BA19-31BF82EB3B8E}.Release|Any CPU.Build.0 = Release|Any CPU
		{F759D665-98FC-439B-BA19-31BF82EB3B8E}.Release|iPhone.ActiveCfg = Release|Any CPU
		{F759D665-98FC-439B-BA19-31BF82EB3B8E}.Release|iPhoneSimulator.ActiveCfg = Release|Any CPU
		{F759D665-98FC-439B-BA19-31BF82EB3B8E}.Release|Mixed Platforms.ActiveCfg = Release|Any CPU
		{F759D665-98FC-439B-BA19-31BF82EB3B8E}.Release|Mixed Platforms.Build.0 = Release|Any CPU
		{3F8560C1-557F-430E-B0A0-C939BE4941B8}.Ad-Hoc|Any CPU.ActiveCfg = Release|Any CPU
		{3F8560C1-557F-430E-B0A0-C939BE4941B8}.Ad-Hoc|Any CPU.Build.0 = Release|Any CPU
		{3F8560C1-557F-430E-B0A0-C939BE4941B8}.Ad-Hoc|iPhone.ActiveCfg = Release|Any CPU
		{3F8560C1-557F-430E-B0A0-C939BE4941B8}.Ad-Hoc|iPhoneSimulator.ActiveCfg = Release|Any CPU
		{3F8560C1-557F-430E-B0A0-C939BE4941B8}.Ad-Hoc|Mixed Platforms.ActiveCfg = Release|Any CPU
		{3F8560C1-557F-430E-B0A0-C939BE4941B8}.Ad-Hoc|Mixed Platforms.Build.0 = Release|Any CPU
		{3F8560C1-557F-430E-B0A0-C939BE4941B8}.AppStore|Any CPU.ActiveCfg = Release|Any CPU
		{3F8560C1-557F-430E-B0A0-C939BE4941B8}.AppStore|Any CPU.Build.0 = Release|Any CPU
		{3F8560C1-557F-430E-B0A0-C939BE4941B8}.AppStore|iPhone.ActiveCfg = Release|Any CPU
		{3F8560C1-557F-430E-B0A0-C939BE4941B8}.AppStore|iPhoneSimulator.ActiveCfg = Release|Any CPU
		{3F8560C1-557F-430E-B0A0-C939BE4941B8}.AppStore|Mixed Platforms.ActiveCfg = Release|Any CPU
		{3F8560C1-557F-430E-B0A0-C939BE4941B8}.AppStore|Mixed Platforms.Build.0 = Release|Any CPU
		{3F8560C1-557F-430E-B0A0-C939BE4941B8}.Debug|Any CPU.ActiveCfg = Debug|Any CPU
		{3F8560C1-557F-430E-B0A0-C939BE4941B8}.Debug|Any CPU.Build.0 = Debug|Any CPU
		{3F8560C1-557F-430E-B0A0-C939BE4941B8}.Debug|iPhone.ActiveCfg = Debug|Any CPU
		{3F8560C1-557F-430E-B0A0-C939BE4941B8}.Debug|iPhoneSimulator.ActiveCfg = Debug|Any CPU
		{3F8560C1-557F-430E-B0A0-C939BE4941B8}.Debug|Mixed Platforms.ActiveCfg = Debug|Any CPU
		{3F8560C1-557F-430E-B0A0-C939BE4941B8}.Debug|Mixed Platforms.Build.0 = Debug|Any CPU
		{3F8560C1-557F-430E-B0A0-C939BE4941B8}.Release|Any CPU.ActiveCfg = Release|Any CPU
		{3F8560C1-557F-430E-B0A0-C939BE4941B8}.Release|Any CPU.Build.0 = Release|Any CPU
		{3F8560C1-557F-430E-B0A0-C939BE4941B8}.Release|iPhone.ActiveCfg = Release|Any CPU
		{3F8560C1-557F-430E-B0A0-C939BE4941B8}.Release|iPhoneSimulator.ActiveCfg = Release|Any CPU
		{3F8560C1-557F-430E-B0A0-C939BE4941B8}.Release|Mixed Platforms.ActiveCfg = Release|Any CPU
		{3F8560C1-557F-430E-B0A0-C939BE4941B8}.Release|Mixed Platforms.Build.0 = Release|Any CPU
		{1F3259C4-A524-456E-93B7-83945647F8A7}.Ad-Hoc|Any CPU.ActiveCfg = Release|Any CPU
		{1F3259C4-A524-456E-93B7-83945647F8A7}.Ad-Hoc|Any CPU.Build.0 = Release|Any CPU
		{1F3259C4-A524-456E-93B7-83945647F8A7}.Ad-Hoc|iPhone.ActiveCfg = Release|Any CPU
		{1F3259C4-A524-456E-93B7-83945647F8A7}.Ad-Hoc|iPhoneSimulator.ActiveCfg = Release|Any CPU
		{1F3259C4-A524-456E-93B7-83945647F8A7}.Ad-Hoc|Mixed Platforms.ActiveCfg = Release|Any CPU
		{1F3259C4-A524-456E-93B7-83945647F8A7}.Ad-Hoc|Mixed Platforms.Build.0 = Release|Any CPU
		{1F3259C4-A524-456E-93B7-83945647F8A7}.AppStore|Any CPU.ActiveCfg = Release|Any CPU
		{1F3259C4-A524-456E-93B7-83945647F8A7}.AppStore|Any CPU.Build.0 = Release|Any CPU
		{1F3259C4-A524-456E-93B7-83945647F8A7}.AppStore|iPhone.ActiveCfg = Release|Any CPU
		{1F3259C4-A524-456E-93B7-83945647F8A7}.AppStore|iPhoneSimulator.ActiveCfg = Release|Any CPU
		{1F3259C4-A524-456E-93B7-83945647F8A7}.AppStore|Mixed Platforms.ActiveCfg = Release|Any CPU
		{1F3259C4-A524-456E-93B7-83945647F8A7}.AppStore|Mixed Platforms.Build.0 = Release|Any CPU
		{1F3259C4-A524-456E-93B7-83945647F8A7}.Debug|Any CPU.ActiveCfg = Debug|Any CPU
		{1F3259C4-A524-456E-93B7-83945647F8A7}.Debug|Any CPU.Build.0 = Debug|Any CPU
		{1F3259C4-A524-456E-93B7-83945647F8A7}.Debug|iPhone.ActiveCfg = Debug|Any CPU
		{1F3259C4-A524-456E-93B7-83945647F8A7}.Debug|iPhoneSimulator.ActiveCfg = Debug|Any CPU
		{1F3259C4-A524-456E-93B7-83945647F8A7}.Debug|Mixed Platforms.ActiveCfg = Debug|Any CPU
		{1F3259C4-A524-456E-93B7-83945647F8A7}.Debug|Mixed Platforms.Build.0 = Debug|Any CPU
		{1F3259C4-A524-456E-93B7-83945647F8A7}.Release|Any CPU.ActiveCfg = Release|Any CPU
		{1F3259C4-A524-456E-93B7-83945647F8A7}.Release|Any CPU.Build.0 = Release|Any CPU
		{1F3259C4-A524-456E-93B7-83945647F8A7}.Release|iPhone.ActiveCfg = Release|Any CPU
		{1F3259C4-A524-456E-93B7-83945647F8A7}.Release|iPhoneSimulator.ActiveCfg = Release|Any CPU
		{1F3259C4-A524-456E-93B7-83945647F8A7}.Release|Mixed Platforms.ActiveCfg = Release|Any CPU
		{1F3259C4-A524-456E-93B7-83945647F8A7}.Release|Mixed Platforms.Build.0 = Release|Any CPU
		{48DDBFB8-3B10-4948-B183-A0D9538C3D14}.Ad-Hoc|Any CPU.ActiveCfg = Release|Any CPU
		{48DDBFB8-3B10-4948-B183-A0D9538C3D14}.Ad-Hoc|Any CPU.Build.0 = Release|Any CPU
		{48DDBFB8-3B10-4948-B183-A0D9538C3D14}.Ad-Hoc|iPhone.ActiveCfg = Release|Any CPU
		{48DDBFB8-3B10-4948-B183-A0D9538C3D14}.Ad-Hoc|iPhoneSimulator.ActiveCfg = Release|Any CPU
		{48DDBFB8-3B10-4948-B183-A0D9538C3D14}.Ad-Hoc|Mixed Platforms.ActiveCfg = Release|Any CPU
		{48DDBFB8-3B10-4948-B183-A0D9538C3D14}.Ad-Hoc|Mixed Platforms.Build.0 = Release|Any CPU
		{48DDBFB8-3B10-4948-B183-A0D9538C3D14}.AppStore|Any CPU.ActiveCfg = Release|Any CPU
		{48DDBFB8-3B10-4948-B183-A0D9538C3D14}.AppStore|Any CPU.Build.0 = Release|Any CPU
		{48DDBFB8-3B10-4948-B183-A0D9538C3D14}.AppStore|iPhone.ActiveCfg = Release|Any CPU
		{48DDBFB8-3B10-4948-B183-A0D9538C3D14}.AppStore|iPhoneSimulator.ActiveCfg = Release|Any CPU
		{48DDBFB8-3B10-4948-B183-A0D9538C3D14}.AppStore|Mixed Platforms.ActiveCfg = Release|Any CPU
		{48DDBFB8-3B10-4948-B183-A0D9538C3D14}.AppStore|Mixed Platforms.Build.0 = Release|Any CPU
		{48DDBFB8-3B10-4948-B183-A0D9538C3D14}.Debug|Any CPU.ActiveCfg = Debug|Any CPU
		{48DDBFB8-3B10-4948-B183-A0D9538C3D14}.Debug|Any CPU.Build.0 = Debug|Any CPU
		{48DDBFB8-3B10-4948-B183-A0D9538C3D14}.Debug|iPhone.ActiveCfg = Debug|Any CPU
		{48DDBFB8-3B10-4948-B183-A0D9538C3D14}.Debug|iPhoneSimulator.ActiveCfg = Debug|Any CPU
		{48DDBFB8-3B10-4948-B183-A0D9538C3D14}.Debug|Mixed Platforms.ActiveCfg = Debug|Any CPU
		{48DDBFB8-3B10-4948-B183-A0D9538C3D14}.Debug|Mixed Platforms.Build.0 = Debug|Any CPU
		{48DDBFB8-3B10-4948-B183-A0D9538C3D14}.Release|Any CPU.ActiveCfg = Release|Any CPU
		{48DDBFB8-3B10-4948-B183-A0D9538C3D14}.Release|Any CPU.Build.0 = Release|Any CPU
		{48DDBFB8-3B10-4948-B183-A0D9538C3D14}.Release|iPhone.ActiveCfg = Release|Any CPU
		{48DDBFB8-3B10-4948-B183-A0D9538C3D14}.Release|iPhoneSimulator.ActiveCfg = Release|Any CPU
		{48DDBFB8-3B10-4948-B183-A0D9538C3D14}.Release|Mixed Platforms.ActiveCfg = Release|Any CPU
		{48DDBFB8-3B10-4948-B183-A0D9538C3D14}.Release|Mixed Platforms.Build.0 = Release|Any CPU
		{44B18F23-6156-419F-A0AE-6F08A4FAEE49}.Ad-Hoc|Any CPU.ActiveCfg = Release|Any CPU
		{44B18F23-6156-419F-A0AE-6F08A4FAEE49}.Ad-Hoc|Any CPU.Build.0 = Release|Any CPU
		{44B18F23-6156-419F-A0AE-6F08A4FAEE49}.Ad-Hoc|iPhone.ActiveCfg = Release|Any CPU
		{44B18F23-6156-419F-A0AE-6F08A4FAEE49}.Ad-Hoc|iPhoneSimulator.ActiveCfg = Release|Any CPU
		{44B18F23-6156-419F-A0AE-6F08A4FAEE49}.Ad-Hoc|Mixed Platforms.ActiveCfg = Release|Any CPU
		{44B18F23-6156-419F-A0AE-6F08A4FAEE49}.Ad-Hoc|Mixed Platforms.Build.0 = Release|Any CPU
		{44B18F23-6156-419F-A0AE-6F08A4FAEE49}.AppStore|Any CPU.ActiveCfg = Release|Any CPU
		{44B18F23-6156-419F-A0AE-6F08A4FAEE49}.AppStore|Any CPU.Build.0 = Release|Any CPU
		{44B18F23-6156-419F-A0AE-6F08A4FAEE49}.AppStore|iPhone.ActiveCfg = Release|Any CPU
		{44B18F23-6156-419F-A0AE-6F08A4FAEE49}.AppStore|iPhoneSimulator.ActiveCfg = Release|Any CPU
		{44B18F23-6156-419F-A0AE-6F08A4FAEE49}.AppStore|Mixed Platforms.ActiveCfg = Release|Any CPU
		{44B18F23-6156-419F-A0AE-6F08A4FAEE49}.AppStore|Mixed Platforms.Build.0 = Release|Any CPU
		{44B18F23-6156-419F-A0AE-6F08A4FAEE49}.Debug|Any CPU.ActiveCfg = Debug|Any CPU
		{44B18F23-6156-419F-A0AE-6F08A4FAEE49}.Debug|Any CPU.Build.0 = Debug|Any CPU
		{44B18F23-6156-419F-A0AE-6F08A4FAEE49}.Debug|iPhone.ActiveCfg = Debug|Any CPU
		{44B18F23-6156-419F-A0AE-6F08A4FAEE49}.Debug|iPhoneSimulator.ActiveCfg = Debug|Any CPU
		{44B18F23-6156-419F-A0AE-6F08A4FAEE49}.Debug|Mixed Platforms.ActiveCfg = Debug|Any CPU
		{44B18F23-6156-419F-A0AE-6F08A4FAEE49}.Debug|Mixed Platforms.Build.0 = Debug|Any CPU
		{44B18F23-6156-419F-A0AE-6F08A4FAEE49}.Release|Any CPU.ActiveCfg = Release|Any CPU
		{44B18F23-6156-419F-A0AE-6F08A4FAEE49}.Release|Any CPU.Build.0 = Release|Any CPU
		{44B18F23-6156-419F-A0AE-6F08A4FAEE49}.Release|iPhone.ActiveCfg = Release|Any CPU
		{44B18F23-6156-419F-A0AE-6F08A4FAEE49}.Release|iPhoneSimulator.ActiveCfg = Release|Any CPU
		{44B18F23-6156-419F-A0AE-6F08A4FAEE49}.Release|Mixed Platforms.ActiveCfg = Release|Any CPU
		{44B18F23-6156-419F-A0AE-6F08A4FAEE49}.Release|Mixed Platforms.Build.0 = Release|Any CPU
		{BF5FEC53-FF04-4F99-9FAD-31F1C1D4882A}.Ad-Hoc|Any CPU.ActiveCfg = Release|Any CPU
		{BF5FEC53-FF04-4F99-9FAD-31F1C1D4882A}.Ad-Hoc|Any CPU.Build.0 = Release|Any CPU
		{BF5FEC53-FF04-4F99-9FAD-31F1C1D4882A}.Ad-Hoc|iPhone.ActiveCfg = Release|Any CPU
		{BF5FEC53-FF04-4F99-9FAD-31F1C1D4882A}.Ad-Hoc|iPhoneSimulator.ActiveCfg = Release|Any CPU
		{BF5FEC53-FF04-4F99-9FAD-31F1C1D4882A}.Ad-Hoc|Mixed Platforms.ActiveCfg = Release|Any CPU
		{BF5FEC53-FF04-4F99-9FAD-31F1C1D4882A}.Ad-Hoc|Mixed Platforms.Build.0 = Release|Any CPU
		{BF5FEC53-FF04-4F99-9FAD-31F1C1D4882A}.AppStore|Any CPU.ActiveCfg = Release|Any CPU
		{BF5FEC53-FF04-4F99-9FAD-31F1C1D4882A}.AppStore|Any CPU.Build.0 = Release|Any CPU
		{BF5FEC53-FF04-4F99-9FAD-31F1C1D4882A}.AppStore|iPhone.ActiveCfg = Release|Any CPU
		{BF5FEC53-FF04-4F99-9FAD-31F1C1D4882A}.AppStore|iPhoneSimulator.ActiveCfg = Release|Any CPU
		{BF5FEC53-FF04-4F99-9FAD-31F1C1D4882A}.AppStore|Mixed Platforms.ActiveCfg = Release|Any CPU
		{BF5FEC53-FF04-4F99-9FAD-31F1C1D4882A}.AppStore|Mixed Platforms.Build.0 = Release|Any CPU
		{BF5FEC53-FF04-4F99-9FAD-31F1C1D4882A}.Debug|Any CPU.ActiveCfg = Debug|Any CPU
		{BF5FEC53-FF04-4F99-9FAD-31F1C1D4882A}.Debug|Any CPU.Build.0 = Debug|Any CPU
		{BF5FEC53-FF04-4F99-9FAD-31F1C1D4882A}.Debug|iPhone.ActiveCfg = Debug|Any CPU
		{BF5FEC53-FF04-4F99-9FAD-31F1C1D4882A}.Debug|iPhoneSimulator.ActiveCfg = Debug|Any CPU
		{BF5FEC53-FF04-4F99-9FAD-31F1C1D4882A}.Debug|Mixed Platforms.ActiveCfg = Debug|Any CPU
		{BF5FEC53-FF04-4F99-9FAD-31F1C1D4882A}.Debug|Mixed Platforms.Build.0 = Debug|Any CPU
		{BF5FEC53-FF04-4F99-9FAD-31F1C1D4882A}.Release|Any CPU.ActiveCfg = Release|Any CPU
		{BF5FEC53-FF04-4F99-9FAD-31F1C1D4882A}.Release|Any CPU.Build.0 = Release|Any CPU
		{BF5FEC53-FF04-4F99-9FAD-31F1C1D4882A}.Release|iPhone.ActiveCfg = Release|Any CPU
		{BF5FEC53-FF04-4F99-9FAD-31F1C1D4882A}.Release|iPhoneSimulator.ActiveCfg = Release|Any CPU
		{BF5FEC53-FF04-4F99-9FAD-31F1C1D4882A}.Release|Mixed Platforms.ActiveCfg = Release|Any CPU
		{BF5FEC53-FF04-4F99-9FAD-31F1C1D4882A}.Release|Mixed Platforms.Build.0 = Release|Any CPU
		{AEA83D7A-E88D-4FCD-8568-A7A4A2C6516A}.Ad-Hoc|Any CPU.ActiveCfg = Release|Any CPU
		{AEA83D7A-E88D-4FCD-8568-A7A4A2C6516A}.Ad-Hoc|iPhone.ActiveCfg = Release|Any CPU
		{AEA83D7A-E88D-4FCD-8568-A7A4A2C6516A}.Ad-Hoc|iPhoneSimulator.ActiveCfg = Release|Any CPU
		{AEA83D7A-E88D-4FCD-8568-A7A4A2C6516A}.Ad-Hoc|Mixed Platforms.ActiveCfg = Release|Any CPU
		{AEA83D7A-E88D-4FCD-8568-A7A4A2C6516A}.AppStore|Any CPU.ActiveCfg = Release|Any CPU
		{AEA83D7A-E88D-4FCD-8568-A7A4A2C6516A}.AppStore|iPhone.ActiveCfg = Release|Any CPU
		{AEA83D7A-E88D-4FCD-8568-A7A4A2C6516A}.AppStore|iPhoneSimulator.ActiveCfg = Release|Any CPU
		{AEA83D7A-E88D-4FCD-8568-A7A4A2C6516A}.AppStore|Mixed Platforms.ActiveCfg = Release|Any CPU
		{AEA83D7A-E88D-4FCD-8568-A7A4A2C6516A}.Debug|Any CPU.ActiveCfg = Debug|Any CPU
		{AEA83D7A-E88D-4FCD-8568-A7A4A2C6516A}.Debug|Any CPU.Build.0 = Debug|Any CPU
		{AEA83D7A-E88D-4FCD-8568-A7A4A2C6516A}.Debug|Any CPU.Deploy.0 = Debug|Any CPU
		{AEA83D7A-E88D-4FCD-8568-A7A4A2C6516A}.Debug|iPhone.ActiveCfg = Debug|Any CPU
		{AEA83D7A-E88D-4FCD-8568-A7A4A2C6516A}.Debug|iPhoneSimulator.ActiveCfg = Debug|Any CPU
		{AEA83D7A-E88D-4FCD-8568-A7A4A2C6516A}.Debug|Mixed Platforms.ActiveCfg = Debug|Any CPU
		{AEA83D7A-E88D-4FCD-8568-A7A4A2C6516A}.Release|Any CPU.ActiveCfg = Release|Any CPU
		{AEA83D7A-E88D-4FCD-8568-A7A4A2C6516A}.Release|Any CPU.Build.0 = Release|Any CPU
		{AEA83D7A-E88D-4FCD-8568-A7A4A2C6516A}.Release|Any CPU.Deploy.0 = Release|Any CPU
		{AEA83D7A-E88D-4FCD-8568-A7A4A2C6516A}.Release|iPhone.ActiveCfg = Release|Any CPU
		{AEA83D7A-E88D-4FCD-8568-A7A4A2C6516A}.Release|iPhoneSimulator.ActiveCfg = Release|Any CPU
		{AEA83D7A-E88D-4FCD-8568-A7A4A2C6516A}.Release|Mixed Platforms.ActiveCfg = Release|Any CPU
		{7364851E-6ED3-4B41-A4ED-B00DAEE10DEC}.Ad-Hoc|Any CPU.ActiveCfg = Release|Any CPU
		{7364851E-6ED3-4B41-A4ED-B00DAEE10DEC}.Ad-Hoc|iPhone.ActiveCfg = Release|Any CPU
		{7364851E-6ED3-4B41-A4ED-B00DAEE10DEC}.Ad-Hoc|iPhoneSimulator.ActiveCfg = Release|Any CPU
		{7364851E-6ED3-4B41-A4ED-B00DAEE10DEC}.Ad-Hoc|Mixed Platforms.ActiveCfg = Release|Any CPU
		{7364851E-6ED3-4B41-A4ED-B00DAEE10DEC}.AppStore|Any CPU.ActiveCfg = Release|Any CPU
		{7364851E-6ED3-4B41-A4ED-B00DAEE10DEC}.AppStore|iPhone.ActiveCfg = Release|Any CPU
		{7364851E-6ED3-4B41-A4ED-B00DAEE10DEC}.AppStore|iPhoneSimulator.ActiveCfg = Release|Any CPU
		{7364851E-6ED3-4B41-A4ED-B00DAEE10DEC}.AppStore|Mixed Platforms.ActiveCfg = Release|Any CPU
		{7364851E-6ED3-4B41-A4ED-B00DAEE10DEC}.Debug|Any CPU.ActiveCfg = Debug|Any CPU
		{7364851E-6ED3-4B41-A4ED-B00DAEE10DEC}.Debug|Any CPU.Build.0 = Debug|Any CPU
		{7364851E-6ED3-4B41-A4ED-B00DAEE10DEC}.Debug|iPhone.ActiveCfg = Debug|Any CPU
		{7364851E-6ED3-4B41-A4ED-B00DAEE10DEC}.Debug|iPhoneSimulator.ActiveCfg = Debug|Any CPU
		{7364851E-6ED3-4B41-A4ED-B00DAEE10DEC}.Debug|Mixed Platforms.ActiveCfg = Debug|Any CPU
		{7364851E-6ED3-4B41-A4ED-B00DAEE10DEC}.Release|Any CPU.ActiveCfg = Release|Any CPU
		{7364851E-6ED3-4B41-A4ED-B00DAEE10DEC}.Release|Any CPU.Build.0 = Release|Any CPU
		{7364851E-6ED3-4B41-A4ED-B00DAEE10DEC}.Release|iPhone.ActiveCfg = Release|Any CPU
		{7364851E-6ED3-4B41-A4ED-B00DAEE10DEC}.Release|iPhoneSimulator.ActiveCfg = Release|Any CPU
		{7364851E-6ED3-4B41-A4ED-B00DAEE10DEC}.Release|Mixed Platforms.ActiveCfg = Release|Any CPU
		{964AC30B-D9E2-4E4D-B958-B9C3459E2A40}.Ad-Hoc|Any CPU.ActiveCfg = Release|Any CPU
		{964AC30B-D9E2-4E4D-B958-B9C3459E2A40}.Ad-Hoc|Any CPU.Build.0 = Release|Any CPU
		{964AC30B-D9E2-4E4D-B958-B9C3459E2A40}.Ad-Hoc|iPhone.ActiveCfg = Release|Any CPU
		{964AC30B-D9E2-4E4D-B958-B9C3459E2A40}.Ad-Hoc|iPhoneSimulator.ActiveCfg = Release|Any CPU
		{964AC30B-D9E2-4E4D-B958-B9C3459E2A40}.Ad-Hoc|Mixed Platforms.ActiveCfg = Release|Any CPU
		{964AC30B-D9E2-4E4D-B958-B9C3459E2A40}.Ad-Hoc|Mixed Platforms.Build.0 = Release|Any CPU
		{964AC30B-D9E2-4E4D-B958-B9C3459E2A40}.AppStore|Any CPU.ActiveCfg = Release|Any CPU
		{964AC30B-D9E2-4E4D-B958-B9C3459E2A40}.AppStore|Any CPU.Build.0 = Release|Any CPU
		{964AC30B-D9E2-4E4D-B958-B9C3459E2A40}.AppStore|iPhone.ActiveCfg = Release|Any CPU
		{964AC30B-D9E2-4E4D-B958-B9C3459E2A40}.AppStore|iPhoneSimulator.ActiveCfg = Release|Any CPU
		{964AC30B-D9E2-4E4D-B958-B9C3459E2A40}.AppStore|Mixed Platforms.ActiveCfg = Release|Any CPU
		{964AC30B-D9E2-4E4D-B958-B9C3459E2A40}.AppStore|Mixed Platforms.Build.0 = Release|Any CPU
		{964AC30B-D9E2-4E4D-B958-B9C3459E2A40}.Debug|Any CPU.ActiveCfg = Debug|Any CPU
		{964AC30B-D9E2-4E4D-B958-B9C3459E2A40}.Debug|Any CPU.Build.0 = Debug|Any CPU
		{964AC30B-D9E2-4E4D-B958-B9C3459E2A40}.Debug|iPhone.ActiveCfg = Debug|Any CPU
		{964AC30B-D9E2-4E4D-B958-B9C3459E2A40}.Debug|iPhoneSimulator.ActiveCfg = Debug|Any CPU
		{964AC30B-D9E2-4E4D-B958-B9C3459E2A40}.Debug|Mixed Platforms.ActiveCfg = Debug|Any CPU
		{964AC30B-D9E2-4E4D-B958-B9C3459E2A40}.Debug|Mixed Platforms.Build.0 = Debug|Any CPU
		{964AC30B-D9E2-4E4D-B958-B9C3459E2A40}.Release|Any CPU.ActiveCfg = Release|Any CPU
		{964AC30B-D9E2-4E4D-B958-B9C3459E2A40}.Release|Any CPU.Build.0 = Release|Any CPU
		{964AC30B-D9E2-4E4D-B958-B9C3459E2A40}.Release|iPhone.ActiveCfg = Release|Any CPU
		{964AC30B-D9E2-4E4D-B958-B9C3459E2A40}.Release|iPhoneSimulator.ActiveCfg = Release|Any CPU
		{964AC30B-D9E2-4E4D-B958-B9C3459E2A40}.Release|Mixed Platforms.ActiveCfg = Release|Any CPU
		{964AC30B-D9E2-4E4D-B958-B9C3459E2A40}.Release|Mixed Platforms.Build.0 = Release|Any CPU
		{1953A421-82AB-49DC-B20F-858227442500}.Ad-Hoc|Any CPU.ActiveCfg = Release|Any CPU
		{1953A421-82AB-49DC-B20F-858227442500}.Ad-Hoc|Any CPU.Build.0 = Release|Any CPU
		{1953A421-82AB-49DC-B20F-858227442500}.Ad-Hoc|iPhone.ActiveCfg = Release|Any CPU
		{1953A421-82AB-49DC-B20F-858227442500}.Ad-Hoc|iPhoneSimulator.ActiveCfg = Release|Any CPU
		{1953A421-82AB-49DC-B20F-858227442500}.Ad-Hoc|Mixed Platforms.ActiveCfg = Release|Any CPU
		{1953A421-82AB-49DC-B20F-858227442500}.Ad-Hoc|Mixed Platforms.Build.0 = Release|Any CPU
		{1953A421-82AB-49DC-B20F-858227442500}.AppStore|Any CPU.ActiveCfg = Release|Any CPU
		{1953A421-82AB-49DC-B20F-858227442500}.AppStore|Any CPU.Build.0 = Release|Any CPU
		{1953A421-82AB-49DC-B20F-858227442500}.AppStore|iPhone.ActiveCfg = Release|Any CPU
		{1953A421-82AB-49DC-B20F-858227442500}.AppStore|iPhoneSimulator.ActiveCfg = Release|Any CPU
		{1953A421-82AB-49DC-B20F-858227442500}.AppStore|Mixed Platforms.ActiveCfg = Release|Any CPU
		{1953A421-82AB-49DC-B20F-858227442500}.AppStore|Mixed Platforms.Build.0 = Release|Any CPU
		{1953A421-82AB-49DC-B20F-858227442500}.Debug|Any CPU.ActiveCfg = Debug|Any CPU
		{1953A421-82AB-49DC-B20F-858227442500}.Debug|Any CPU.Build.0 = Debug|Any CPU
		{1953A421-82AB-49DC-B20F-858227442500}.Debug|iPhone.ActiveCfg = Debug|Any CPU
		{1953A421-82AB-49DC-B20F-858227442500}.Debug|iPhoneSimulator.ActiveCfg = Debug|Any CPU
		{1953A421-82AB-49DC-B20F-858227442500}.Debug|Mixed Platforms.ActiveCfg = Debug|Any CPU
		{1953A421-82AB-49DC-B20F-858227442500}.Debug|Mixed Platforms.Build.0 = Debug|Any CPU
		{1953A421-82AB-49DC-B20F-858227442500}.Release|Any CPU.ActiveCfg = Release|Any CPU
		{1953A421-82AB-49DC-B20F-858227442500}.Release|Any CPU.Build.0 = Release|Any CPU
		{1953A421-82AB-49DC-B20F-858227442500}.Release|iPhone.ActiveCfg = Release|Any CPU
		{1953A421-82AB-49DC-B20F-858227442500}.Release|iPhoneSimulator.ActiveCfg = Release|Any CPU
		{1953A421-82AB-49DC-B20F-858227442500}.Release|Mixed Platforms.ActiveCfg = Release|Any CPU
		{1953A421-82AB-49DC-B20F-858227442500}.Release|Mixed Platforms.Build.0 = Release|Any CPU
		{2C14C3D5-5FAD-48D4-8A17-DD2907508E1D}.Ad-Hoc|Any CPU.ActiveCfg = Release|Any CPU
		{2C14C3D5-5FAD-48D4-8A17-DD2907508E1D}.Ad-Hoc|Any CPU.Build.0 = Release|Any CPU
		{2C14C3D5-5FAD-48D4-8A17-DD2907508E1D}.Ad-Hoc|iPhone.ActiveCfg = Release|Any CPU
		{2C14C3D5-5FAD-48D4-8A17-DD2907508E1D}.Ad-Hoc|iPhoneSimulator.ActiveCfg = Release|Any CPU
		{2C14C3D5-5FAD-48D4-8A17-DD2907508E1D}.Ad-Hoc|Mixed Platforms.ActiveCfg = Release|Any CPU
		{2C14C3D5-5FAD-48D4-8A17-DD2907508E1D}.Ad-Hoc|Mixed Platforms.Build.0 = Release|Any CPU
		{2C14C3D5-5FAD-48D4-8A17-DD2907508E1D}.AppStore|Any CPU.ActiveCfg = Release|Any CPU
		{2C14C3D5-5FAD-48D4-8A17-DD2907508E1D}.AppStore|Any CPU.Build.0 = Release|Any CPU
		{2C14C3D5-5FAD-48D4-8A17-DD2907508E1D}.AppStore|iPhone.ActiveCfg = Release|Any CPU
		{2C14C3D5-5FAD-48D4-8A17-DD2907508E1D}.AppStore|iPhoneSimulator.ActiveCfg = Release|Any CPU
		{2C14C3D5-5FAD-48D4-8A17-DD2907508E1D}.AppStore|Mixed Platforms.ActiveCfg = Release|Any CPU
		{2C14C3D5-5FAD-48D4-8A17-DD2907508E1D}.AppStore|Mixed Platforms.Build.0 = Release|Any CPU
		{2C14C3D5-5FAD-48D4-8A17-DD2907508E1D}.Debug|Any CPU.ActiveCfg = Debug|Any CPU
		{2C14C3D5-5FAD-48D4-8A17-DD2907508E1D}.Debug|Any CPU.Build.0 = Debug|Any CPU
		{2C14C3D5-5FAD-48D4-8A17-DD2907508E1D}.Debug|iPhone.ActiveCfg = Debug|Any CPU
		{2C14C3D5-5FAD-48D4-8A17-DD2907508E1D}.Debug|iPhoneSimulator.ActiveCfg = Debug|Any CPU
		{2C14C3D5-5FAD-48D4-8A17-DD2907508E1D}.Debug|Mixed Platforms.ActiveCfg = Debug|Any CPU
		{2C14C3D5-5FAD-48D4-8A17-DD2907508E1D}.Debug|Mixed Platforms.Build.0 = Debug|Any CPU
		{2C14C3D5-5FAD-48D4-8A17-DD2907508E1D}.Release|Any CPU.ActiveCfg = Release|Any CPU
		{2C14C3D5-5FAD-48D4-8A17-DD2907508E1D}.Release|Any CPU.Build.0 = Release|Any CPU
		{2C14C3D5-5FAD-48D4-8A17-DD2907508E1D}.Release|iPhone.ActiveCfg = Release|Any CPU
		{2C14C3D5-5FAD-48D4-8A17-DD2907508E1D}.Release|iPhoneSimulator.ActiveCfg = Release|Any CPU
		{2C14C3D5-5FAD-48D4-8A17-DD2907508E1D}.Release|Mixed Platforms.ActiveCfg = Release|Any CPU
		{2C14C3D5-5FAD-48D4-8A17-DD2907508E1D}.Release|Mixed Platforms.Build.0 = Release|Any CPU
		{34E93BDD-238E-499F-964F-A48534362989}.Ad-Hoc|Any CPU.ActiveCfg = Ad-Hoc|iPhone
		{34E93BDD-238E-499F-964F-A48534362989}.Ad-Hoc|iPhone.ActiveCfg = Ad-Hoc|iPhone
		{34E93BDD-238E-499F-964F-A48534362989}.Ad-Hoc|iPhone.Build.0 = Ad-Hoc|iPhone
		{34E93BDD-238E-499F-964F-A48534362989}.Ad-Hoc|iPhoneSimulator.ActiveCfg = Ad-Hoc|iPhoneSimulator
		{34E93BDD-238E-499F-964F-A48534362989}.Ad-Hoc|iPhoneSimulator.Build.0 = Ad-Hoc|iPhoneSimulator
		{34E93BDD-238E-499F-964F-A48534362989}.Ad-Hoc|Mixed Platforms.ActiveCfg = Ad-Hoc|iPhone
		{34E93BDD-238E-499F-964F-A48534362989}.Ad-Hoc|Mixed Platforms.Build.0 = Ad-Hoc|iPhone
		{34E93BDD-238E-499F-964F-A48534362989}.AppStore|Any CPU.ActiveCfg = AppStore|iPhone
		{34E93BDD-238E-499F-964F-A48534362989}.AppStore|iPhone.ActiveCfg = AppStore|iPhone
		{34E93BDD-238E-499F-964F-A48534362989}.AppStore|iPhone.Build.0 = AppStore|iPhone
		{34E93BDD-238E-499F-964F-A48534362989}.AppStore|iPhoneSimulator.ActiveCfg = AppStore|iPhoneSimulator
		{34E93BDD-238E-499F-964F-A48534362989}.AppStore|iPhoneSimulator.Build.0 = AppStore|iPhoneSimulator
		{34E93BDD-238E-499F-964F-A48534362989}.AppStore|Mixed Platforms.ActiveCfg = AppStore|iPhone
		{34E93BDD-238E-499F-964F-A48534362989}.AppStore|Mixed Platforms.Build.0 = AppStore|iPhone
		{34E93BDD-238E-499F-964F-A48534362989}.Debug|Any CPU.ActiveCfg = Debug|iPhone
		{34E93BDD-238E-499F-964F-A48534362989}.Debug|iPhone.ActiveCfg = Debug|iPhone
		{34E93BDD-238E-499F-964F-A48534362989}.Debug|iPhone.Build.0 = Debug|iPhone
		{34E93BDD-238E-499F-964F-A48534362989}.Debug|iPhoneSimulator.ActiveCfg = Debug|iPhoneSimulator
		{34E93BDD-238E-499F-964F-A48534362989}.Debug|iPhoneSimulator.Build.0 = Debug|iPhoneSimulator
		{34E93BDD-238E-499F-964F-A48534362989}.Debug|Mixed Platforms.ActiveCfg = Debug|iPhone
		{34E93BDD-238E-499F-964F-A48534362989}.Debug|Mixed Platforms.Build.0 = Debug|iPhone
		{34E93BDD-238E-499F-964F-A48534362989}.Release|Any CPU.ActiveCfg = Release|iPhone
		{34E93BDD-238E-499F-964F-A48534362989}.Release|iPhone.ActiveCfg = Release|iPhone
		{34E93BDD-238E-499F-964F-A48534362989}.Release|iPhone.Build.0 = Release|iPhone
		{34E93BDD-238E-499F-964F-A48534362989}.Release|iPhoneSimulator.ActiveCfg = Release|iPhoneSimulator
		{34E93BDD-238E-499F-964F-A48534362989}.Release|iPhoneSimulator.Build.0 = Release|iPhoneSimulator
		{34E93BDD-238E-499F-964F-A48534362989}.Release|Mixed Platforms.ActiveCfg = Release|iPhone
		{34E93BDD-238E-499F-964F-A48534362989}.Release|Mixed Platforms.Build.0 = Release|iPhone
	EndGlobalSection
	GlobalSection(SolutionProperties) = preSolution
		HideSolutionNode = FALSE
	EndGlobalSection
	GlobalSection(NestedProjects) = preSolution
		{F759D665-98FC-439B-BA19-31BF82EB3B8E} = {0EC3C78A-0B09-49BD-A029-6F85F5F1DAF8}
		{3F8560C1-557F-430E-B0A0-C939BE4941B8} = {5C681121-61B5-4138-8AB0-FBD1F2EE6E3C}
		{1F3259C4-A524-456E-93B7-83945647F8A7} = {5C681121-61B5-4138-8AB0-FBD1F2EE6E3C}
		{48DDBFB8-3B10-4948-B183-A0D9538C3D14} = {FB8C44E1-7274-4921-B818-1C442E3D78FC}
		{44B18F23-6156-419F-A0AE-6F08A4FAEE49} = {0EC3C78A-0B09-49BD-A029-6F85F5F1DAF8}
		{BF5FEC53-FF04-4F99-9FAD-31F1C1D4882A} = {0EC3C78A-0B09-49BD-A029-6F85F5F1DAF8}
		{AEA83D7A-E88D-4FCD-8568-A7A4A2C6516A} = {5C681121-61B5-4138-8AB0-FBD1F2EE6E3C}
		{6B09CCD6-9D54-4B23-926F-BE4325BE9A3D} = {5C681121-61B5-4138-8AB0-FBD1F2EE6E3C}
		{7364851E-6ED3-4B41-A4ED-B00DAEE10DEC} = {6B09CCD6-9D54-4B23-926F-BE4325BE9A3D}
		{964AC30B-D9E2-4E4D-B958-B9C3459E2A40} = {FB8C44E1-7274-4921-B818-1C442E3D78FC}
		{1953A421-82AB-49DC-B20F-858227442500} = {0EC3C78A-0B09-49BD-A029-6F85F5F1DAF8}
		{2C14C3D5-5FAD-48D4-8A17-DD2907508E1D} = {5C681121-61B5-4138-8AB0-FBD1F2EE6E3C}
		{34E93BDD-238E-499F-964F-A48534362989} = {5C681121-61B5-4138-8AB0-FBD1F2EE6E3C}
	EndGlobalSection
EndGlobal
